
Microsoft Visual Studio Solution File, Format Version 12.00
# Visual Studio Version 16
VisualStudioVersion = 16.0.31112.23
MinimumVisualStudioVersion = 10.0.40219.1
Project("{FAE04EC0-301F-11D3-BF4B-00C04F79EFBC}") = "ShareAndCare", "ShareAndCare\ShareAndCare.csproj", "{32903EFA-C97A-4458-968B-132BCA0D246B}"
EndProject
Global
	GlobalSection(SolutionConfigurationPlatforms) = preSolution
		Debug|Any CPU = Debug|Any CPU
		Release|Any CPU = Release|Any CPU
	EndGlobalSection
	GlobalSection(ProjectConfigurationPlatforms) = postSolution
		{32903EFA-C97A-4458-968B-132BCA0D246B}.Debug|Any CPU.ActiveCfg = Debug|Any CPU
		{32903EFA-C97A-4458-968B-132BCA0D246B}.Debug|Any CPU.Build.0 = Debug|Any CPU
		{32903EFA-C97A-4458-968B-132BCA0D246B}.Release|Any CPU.ActiveCfg = Release|Any CPU
		{32903EFA-C97A-4458-968B-132BCA0D246B}.Release|Any CPU.Build.0 = Release|Any CPU
	EndGlobalSection
	GlobalSection(SolutionProperties) = preSolution
		HideSolutionNode = FALSE
	EndGlobalSection
	GlobalSection(ExtensibilityGlobals) = postSolution
		SolutionGuid = {2D9EA99D-D417-475E-9113-93820D32FF6F}
	EndGlobalSection
EndGlobal
